# This file was autogenerated by Stack.
# You should not edit this file by hand.
# For more information, please see the documentation at:
#   https://docs.haskellstack.org/en/stable/lock_files

packages: []
snapshots:
- completed:
    size: 418944
    url: https://raw.githubusercontent.com/commercialhaskell/stackage-snapshots/master/nightly/2019/11/11.yaml
    sha256: 12d3c25a6471bd6310df0fb5c064c24fc8aa8c5e9412d90e7980f36aa0cdd3f9
  original: nightly-2019-11-11
